
Microsoft Visual Studio Solution File, Format Version 12.00
# Visual Studio Version 17
VisualStudioVersion = 17.11.35222.181
MinimumVisualStudioVersion = 10.0.40219.1
Project("{FAE04EC0-301F-11D3-BF4B-00C04F79EFBC}") = "TimeKeeper", "TimeKeeper.csproj", "{F856A9D6-652A-45F6-A695-6168D408DEEF}"
EndProject
Global
	GlobalSection(SolutionConfigurationPlatforms) = preSolution
		Debug|Any CPU = Debug|Any CPU
		Release|Any CPU = Release|Any CPU
	EndGlobalSection
	GlobalSection(ProjectConfigurationPlatforms) = postSolution
		{F856A9D6-652A-45F6-A695-6168D408DEEF}.Debug|Any CPU.ActiveCfg = Debug|Any CPU
		{F856A9D6-652A-45F6-A695-6168D408DEEF}.Debug|Any CPU.Build.0 = Debug|Any CPU
		{F856A9D6-652A-45F6-A695-6168D408DEEF}.Release|Any CPU.ActiveCfg = Release|Any CPU
		{F856A9D6-652A-45F6-A695-6168D408DEEF}.Release|Any CPU.Build.0 = Release|Any CPU
	EndGlobalSection
	GlobalSection(SolutionProperties) = preSolution
		HideSolutionNode = FALSE
	EndGlobalSection
	GlobalSection(ExtensibilityGlobals) = postSolution
		SolutionGuid = {30F04973-0D09-464B-97C6-53838C4C15E2}
	EndGlobalSection
EndGlobal
